
Microsoft Visual Studio Solution File, Format Version 12.00
# Visual Studio Version 16
VisualStudioVersion = 16.0.31129.286
MinimumVisualStudioVersion = 10.0.40219.1
Project("{8BC9CEB8-8B4A-11D0-8D11-00A0C91BC942}") = "Lab_KPI", "Lab_KPI\Lab_KPI.vcxproj", "{3BF7F7B6-5213-4DFB-9DEF-1CBEB0EFAFA5}"
EndProject
Project("{8BC9CEB8-8B4A-11D0-8D11-00A0C91BC942}") = "Template Function", "Template Function\Template Function.vcxproj", "{9A01F64C-B9F8-48A3-92CE-A52A62F542F1}"
EndProject
Project("{8BC9CEB8-8B4A-11D0-8D11-00A0C91BC942}") = "Task2_LAB", "Task2_LAB\Task2_LAB.vcxproj", "{7CEB3ABC-AAE9-48DC-A68A-02C0883DFAA5}"
EndProject
Project("{8BC9CEB8-8B4A-11D0-8D11-00A0C91BC942}") = "Task3", "Task3\Task3.vcxproj", "{76D72A3D-ADEA-499C-A051-845CBBE1A108}"
EndProject
Project("{8BC9CEB8-8B4A-11D0-8D11-00A0C91BC942}") = "Task 4", "Task 4\Task 4.vcxproj", "{2B493CD4-801F-432C-954F-E6825C9900BB}"
EndProject
Project("{8BC9CEB8-8B4A-11D0-8D11-00A0C91BC942}") = "Task 5", "Task 5\Task 5.vcxproj", "{3E3E70E4-7064-476A-88FD-B6E78F3BA582}"
EndProject
Global
	GlobalSection(SolutionConfigurationPlatforms) = preSolution
		Debug|x64 = Debug|x64
		Debug|x86 = Debug|x86
		Release|x64 = Release|x64
		Release|x86 = Release|x86
	EndGlobalSection
	GlobalSection(ProjectConfigurationPlatforms) = postSolution
		{3BF7F7B6-5213-4DFB-9DEF-1CBEB0EFAFA5}.Debug|x64.ActiveCfg = Debug|x64
		{3BF7F7B6-5213-4DFB-9DEF-1CBEB0EFAFA5}.Debug|x64.Build.0 = Debug|x64
		{3BF7F7B6-5213-4DFB-9DEF-1CBEB0EFAFA5}.Debug|x86.ActiveCfg = Debug|Win32
		{3BF7F7B6-5213-4DFB-9DEF-1CBEB0EFAFA5}.Debug|x86.Build.0 = Debug|Win32
		{3BF7F7B6-5213-4DFB-9DEF-1CBEB0EFAFA5}.Release|x64.ActiveCfg = Release|x64
		{3BF7F7B6-5213-4DFB-9DEF-1CBEB0EFAFA5}.Release|x64.Build.0 = Release|x64
		{3BF7F7B6-5213-4DFB-9DEF-1CBEB0EFAFA5}.Release|x86.ActiveCfg = Release|Win32
		{3BF7F7B6-5213-4DFB-9DEF-1CBEB0EFAFA5}.Release|x86.Build.0 = Release|Win32
		{9A01F64C-B9F8-48A3-92CE-A52A62F542F1}.Debug|x64.ActiveCfg = Debug|x64
		{9A01F64C-B9F8-48A3-92CE-A52A62F542F1}.Debug|x64.Build.0 = Debug|x64
		{9A01F64C-B9F8-48A3-92CE-A52A62F542F1}.Debug|x86.ActiveCfg = Debug|Win32
		{9A01F64C-B9F8-48A3-92CE-A52A62F542F1}.Debug|x86.Build.0 = Debug|Win32
		{9A01F64C-B9F8-48A3-92CE-A52A62F542F1}.Release|x64.ActiveCfg = Release|x64
		{9A01F64C-B9F8-48A3-92CE-A52A62F542F1}.Release|x64.Build.0 = Release|x64
		{9A01F64C-B9F8-48A3-92CE-A52A62F542F1}.Release|x86.ActiveCfg = Release|Win32
		{9A01F64C-B9F8-48A3-92CE-A52A62F542F1}.Release|x86.Build.0 = Release|Win32
		{7CEB3ABC-AAE9-48DC-A68A-02C0883DFAA5}.Debug|x64.ActiveCfg = Debug|x64
		{7CEB3ABC-AAE9-48DC-A68A-02C0883DFAA5}.Debug|x64.Build.0 = Debug|x64
		{7CEB3ABC-AAE9-48DC-A68A-02C0883DFAA5}.Debug|x86.ActiveCfg = Debug|Win32
		{7CEB3ABC-AAE9-48DC-A68A-02C0883DFAA5}.Debug|x86.Build.0 = Debug|Win32
		{7CEB3ABC-AAE9-48DC-A68A-02C0883DFAA5}.Release|x64.ActiveCfg = Release|x64
		{7CEB3ABC-AAE9-48DC-A68A-02C0883DFAA5}.Release|x64.Build.0 = Release|x64
		{7CEB3ABC-AAE9-48DC-A68A-02C0883DFAA5}.Release|x86.ActiveCfg = Release|Win32
		{7CEB3ABC-AAE9-48DC-A68A-02C0883DFAA5}.Release|x86.Build.0 = Release|Win32
		{76D72A3D-ADEA-499C-A051-845CBBE1A108}.Debug|x64.ActiveCfg = Debug|x64
		{76D72A3D-ADEA-499C-A051-845CBBE1A108}.Debug|x64.Build.0 = Debug|x64
		{76D72A3D-ADEA-499C-A051-845CBBE1A108}.Debug|x86.ActiveCfg = Debug|Win32
		{76D72A3D-ADEA-499C-A051-845CBBE1A108}.Debug|x86.Build.0 = Debug|Win32
		{76D72A3D-ADEA-499C-A051-845CBBE1A108}.Release|x64.ActiveCfg = Release|x64
		{76D72A3D-ADEA-499C-A051-845CBBE1A108}.Release|x64.Build.0 = Release|x64
		{76D72A3D-ADEA-499C-A051-845CBBE1A108}.Release|x86.ActiveCfg = Release|Win32
		{76D72A3D-ADEA-499C-A051-845CBBE1A108}.Release|x86.Build.0 = Release|Win32
		{2B493CD4-801F-432C-954F-E6825C9900BB}.Debug|x64.ActiveCfg = Debug|x64
		{2B493CD4-801F-432C-954F-E6825C9900BB}.Debug|x64.Build.0 = Debug|x64
		{2B493CD4-801F-432C-954F-E6825C9900BB}.Debug|x86.ActiveCfg = Debug|Win32
		{2B493CD4-801F-432C-954F-E6825C9900BB}.Debug|x86.Build.0 = Debug|Win32
		{2B493CD4-801F-432C-954F-E6825C9900BB}.Release|x64.ActiveCfg = Release|x64
		{2B493CD4-801F-432C-954F-E6825C9900BB}.Release|x64.Build.0 = Release|x64
		{2B493CD4-801F-432C-954F-E6825C9900BB}.Release|x86.ActiveCfg = Release|Win32
		{2B493CD4-801F-432C-954F-E6825C9900BB}.Release|x86.Build.0 = Release|Win32
		{3E3E70E4-7064-476A-88FD-B6E78F3BA582}.Debug|x64.ActiveCfg = Debug|x64
		{3E3E70E4-7064-476A-88FD-B6E78F3BA582}.Debug|x64.Build.0 = Debug|x64
		{3E3E70E4-7064-476A-88FD-B6E78F3BA582}.Debug|x86.ActiveCfg = Debug|Win32
		{3E3E70E4-7064-476A-88FD-B6E78F3BA582}.Debug|x86.Build.0 = Debug|Win32
		{3E3E70E4-7064-476A-88FD-B6E78F3BA582}.Release|x64.ActiveCfg = Release|x64
		{3E3E70E4-7064-476A-88FD-B6E78F3BA582}.Release|x64.Build.0 = Release|x64
		{3E3E70E4-7064-476A-88FD-B6E78F3BA582}.Release|x86.ActiveCfg = Release|Win32
		{3E3E70E4-7064-476A-88FD-B6E78F3BA582}.Release|x86.Build.0 = Release|Win32
	EndGlobalSection
	GlobalSection(SolutionProperties) = preSolution
		HideSolutionNode = FALSE
	EndGlobalSection
	GlobalSection(ExtensibilityGlobals) = postSolution
		SolutionGuid = {1E698634-E6BA-4117-A285-CD4A7C7A0585}
	EndGlobalSection
EndGlobal
